<?xml version="1.0" encoding="utf-8"?>
<Project ToolsVersion="4.0" xmlns="http://schemas.microsoft.com/developer/msbuild/2003">
  <ItemGroup>
    <Filter Include="소스 파일">
      <UniqueIdentifier>{4FC737F1-C7A5-4376-A066-2A32D752A2FF}</UniqueIdentifier>
      <Extensions>cpp;c;cc;cxx;c++;cppm;ixx;def;odl;idl;hpj;bat;asm;asmx</Extensions>
    </Filter>
    <Filter Include="헤더 파일">
      <UniqueIdentifier>{93995380-89BD-4b04-88EB-625FBE52EBFB}</UniqueIdentifier>
      <Extensions>h;hh;hpp;hxx;h++;hm;inl;inc;ipp;xsd</Extensions>
    </Filter>
    <Filter Include="리소스 파일">
      <UniqueIdentifier>{67DA6AB6-F800-4c08-8B7A-83BB121AAD01}</UniqueIdentifier>
      <Extensions>rc;ico;cur;bmp;dlg;rc2;rct;bin;rgs;gif;jpg;jpeg;jpe;resx;tiff;tif;png;wav;mfcribbon-ms</Extensions>
    </Filter>
    <Filter Include="소스 파일\프로그래머스">
      <UniqueIdentifier>{3fa7ef99-b028-4bae-b3c5-85b23584b12a}</UniqueIdentifier>
    </Filter>
    <Filter Include="소스 파일\프로그래머스\Level1">
      <UniqueIdentifier>{999ac083-3287-47f9-b804-762b26da260e}</UniqueIdentifier>
    </Filter>
    <Filter Include="소스 파일\backjun">
      <UniqueIdentifier>{f110444b-a728-4e82-ba07-2abf7c0ebfb1}</UniqueIdentifier>
    </Filter>
    <Filter Include="소스 파일\프로그래머스\Hash">
      <UniqueIdentifier>{0a966644-e4b6-43e0-85a4-133292b83a70}</UniqueIdentifier>
    </Filter>
    <Filter Include="소스 파일\프로그래머스\Heap">
      <UniqueIdentifier>{d4da8cf4-bef4-41da-9272-0ff330ffc75b}</UniqueIdentifier>
    </Filter>
    <Filter Include="소스 파일\프로그래머스\탐욕법">
      <UniqueIdentifier>{e3286bdc-8631-4000-83d3-1f9de7c6c4cf}</UniqueIdentifier>
    </Filter>
    <Filter Include="소스 파일\프로그래머스\Stack_Queue">
      <UniqueIdentifier>{781bc9de-a5ae-4997-88bb-3c8df6877179}</UniqueIdentifier>
    </Filter>
    <Filter Include="소스 파일\프로그래머스\완전탐색">
      <UniqueIdentifier>{2a7547c1-0ef4-40f5-8b24-7c45d2eeede1}</UniqueIdentifier>
    </Filter>
    <Filter Include="소스 파일\backjun\String">
      <UniqueIdentifier>{b027043c-82bb-4541-b3d9-b54c899efa17}</UniqueIdentifier>
    </Filter>
    <Filter Include="소스 파일\프로그래머스\202008">
      <UniqueIdentifier>{068ddbb0-30a5-420a-8949-c207973b4307}</UniqueIdentifier>
    </Filter>
    <Filter Include="소스 파일\backjun\BFSDFS">
      <UniqueIdentifier>{90eb40dc-1b56-41cf-9e3d-543e622deae2}</UniqueIdentifier>
    </Filter>
    <Filter Include="소스 파일\프로그래머스\DynamicProgramming">
      <UniqueIdentifier>{7abdf12e-e855-49e5-ac40-a05ece6c0798}</UniqueIdentifier>
    </Filter>
    <Filter Include="소스 파일\프로그래머스\Sort">
      <UniqueIdentifier>{7f38530b-0b02-4ad0-82e6-155cfa93f531}</UniqueIdentifier>
    </Filter>
    <Filter Include="소스 파일\leetCode">
      <UniqueIdentifier>{14ef010c-a7db-46fd-aba5-6c59df9ca403}</UniqueIdentifier>
    </Filter>
    <Filter Include="소스 파일\leetCode\HashTable">
      <UniqueIdentifier>{eb43f171-5137-4bc6-914b-6abe367761ca}</UniqueIdentifier>
    </Filter>
    <Filter Include="소스 파일\leetCode\HashTable\HashTable">
      <UniqueIdentifier>{cdb80b3c-0525-4705-9119-3e83ede356ae}</UniqueIdentifier>
    </Filter>
  </ItemGroup>
  <ItemGroup>
    <ClCompile Include="DollDraw.cpp">
      <Filter>소스 파일\프로그래머스\202008</Filter>
    </ClCompile>
    <ClCompile Include="ChatRoom.cpp">
      <Filter>소스 파일\프로그래머스\202008</Filter>
    </ClCompile>
    <ClCompile Include="ascii-code.cpp">
      <Filter>소스 파일\backjun\String</Filter>
    </ClCompile>
    <ClCompile Include="SumOfNumber.cpp">
      <Filter>소스 파일\backjun\String</Filter>
    </ClCompile>
    <ClCompile Include="StockPrice.cpp">
      <Filter>소스 파일\프로그래머스\Stack_Queue</Filter>
    </ClCompile>
    <ClCompile Include="FunctionDev.cpp">
      <Filter>소스 파일\프로그래머스\Stack_Queue</Filter>
    </ClCompile>
    <ClCompile Include="PracticeTest.cpp">
      <Filter>소스 파일\프로그래머스\완전탐색</Filter>
    </ClCompile>
    <ClCompile Include="TestTask.cpp">
      <Filter>소스 파일</Filter>
    </ClCompile>
    <ClCompile Include="GymSuit.cpp">
      <Filter>소스 파일\프로그래머스\탐욕법</Filter>
    </ClCompile>
    <ClCompile Include="크레인인형뽑기게임.cpp">
      <Filter>소스 파일\프로그래머스\Level1</Filter>
    </ClCompile>
    <ClCompile Include="모의고사.cpp">
      <Filter>소스 파일\프로그래머스\Level1</Filter>
    </ClCompile>
    <ClCompile Include="두개뽑아서더하기.cpp">
      <Filter>소스 파일\프로그래머스\Level1</Filter>
    </ClCompile>
    <ClCompile Include="완주하지못한선수.cpp">
      <Filter>소스 파일\프로그래머스\Hash</Filter>
    </ClCompile>
    <ClCompile Include="전화번호목록.cpp">
      <Filter>소스 파일\프로그래머스\Hash</Filter>
    </ClCompile>
    <ClCompile Include="다리를지나는트럭.cpp">
      <Filter>소스 파일\프로그래머스\Stack_Queue</Filter>
    </ClCompile>
    <ClCompile Include="더맵게.cpp">
      <Filter>소스 파일\프로그래머스\Heap</Filter>
    </ClCompile>
    <ClCompile Include="picnic.cpp">
      <Filter>소스 파일\backjun</Filter>
    </ClCompile>
    <ClCompile Include="게임판덮기.cpp">
      <Filter>소스 파일\backjun</Filter>
    </ClCompile>
    <ClCompile Include="DFS와BFS.cpp">
      <Filter>소스 파일\backjun\BFSDFS</Filter>
    </ClCompile>
    <ClCompile Include="N으로표현.cpp">
      <Filter>소스 파일\프로그래머스\DynamicProgramming</Filter>
    </ClCompile>
    <ClCompile Include="K번째수.cpp">
      <Filter>소스 파일\프로그래머스\Sort</Filter>
    </ClCompile>
    <ClCompile Include="큰수만들기.cpp">
      <Filter>소스 파일\프로그래머스\탐욕법</Filter>
    </ClCompile>
    <ClCompile Include="조이스틱.cpp">
      <Filter>소스 파일\프로그래머스\탐욕법</Filter>
    </ClCompile>
    <ClCompile Include="DesignHashMap.cpp">
      <Filter>소스 파일\leetCode\HashTable\HashTable</Filter>
    </ClCompile>
    <ClCompile Include="DesignHashSet.cpp">
      <Filter>소스 파일\leetCode\HashTable\HashTable</Filter>
    </ClCompile>
    <ClCompile Include="Employee Importance.cpp">
      <Filter>소스 파일\leetCode\HashTable\HashTable</Filter>
    </ClCompile>
    <ClCompile Include="FindCommonCharacters.cpp">
      <Filter>소스 파일\leetCode\HashTable\HashTable</Filter>
    </ClCompile>
    <ClCompile Include="HMNASTCN.cpp">
      <Filter>소스 파일\leetCode\HashTable\HashTable</Filter>
    </ClCompile>
    <ClCompile Include="JewelsAnsStones.cpp">
      <Filter>소스 파일\leetCode\HashTable\HashTable</Filter>
    </ClCompile>
    <ClCompile Include="N-RepeatedElementInSize2NArray.cpp">
      <Filter>소스 파일\leetCode\HashTable\HashTable</Filter>
    </ClCompile>
    <ClCompile Include="NumberOfGoodPairs.cpp">
      <Filter>소스 파일\leetCode\HashTable\HashTable</Filter>
    </ClCompile>
    <ClCompile Include="SubdomainVisitCount.cpp">
      <Filter>소스 파일\leetCode\HashTable\HashTable</Filter>
    </ClCompile>
    <ClCompile Include="SumOfUniqueElements.cpp">
      <Filter>소스 파일\leetCode\HashTable\HashTable</Filter>
    </ClCompile>
  </ItemGroup>
  <ItemGroup>
    <ClInclude Include="default.h">
      <Filter>헤더 파일</Filter>
    </ClInclude>
  </ItemGroup>
</Project>